// !$*UTF8*$!
{
	archiveVersion = 1;
	classes = {
	};
	objectVersion = 77;
	objects = {

/* Begin PBXBuildFile section */
		AFB786512F217F34002FB432 /* PersistenceManager.swift in Sources */ = {isa = PBXBuildFile; fileRef = AFB786502F217F34002FB432 /* PersistenceManager.swift */; };
/* End PBXBuildFile section */

/* Begin PBXContainerItemProxy section */
		AFC74C492E9A05970068CF75 /* PBXContainerItemProxy */ = {
			isa = PBXContainerItemProxy;
			containerPortal = AFC74C332E9A05950068CF75 /* Project object */;
			proxyType = 1;
			remoteGlobalIDString = AFC74C3A2E9A05950068CF75;
			remoteInfo = PitchInPractice;
		};
		AFC74C532E9A05970068CF75 /* PBXContainerItemProxy */ = {
			isa = PBXContainerItemProxy;
			containerPortal = AFC74C332E9A05950068CF75 /* Project object */;
			proxyType = 1;
			remoteGlobalIDString = AFC74C3A2E9A05950068CF75;
			remoteInfo = PitchInPractice;
		};
/* End PBXContainerItemProxy section */

/* Begin PBXFileReference section */
		AFB786502F217F34002FB432 /* PersistenceManager.swift */ = {isa = PBXFileReference; lastKnownFileType = sourcecode.swift; path = PersistenceManager.swift; sourceTree = "<group>"; };
		AFC74C3B2E9A05950068CF75 /* PitchInPractice.app */ = {isa = PBXFileReference; explicitFileType = wrapper.application; includeInIndex = 0; path = PitchInPractice.app; sourceTree = BUILT_PRODUCTS_DIR; };
		AFC74C482E9A05970068CF75 /* PitchInPracticeTests.xctest */ = {isa = PBXFileReference; explicitFileType = wrapper.cfbundle; includeInIndex = 0; path = PitchInPracticeTests.xctest; sourceTree = BUILT_PRODUCTS_DIR; };
		AFC74C522E9A05970068CF75 /* PitchInPracticeUITests.xctest */ = {isa = PBXFileReference; explicitFileType = wrapper.cfbundle; includeInIndex = 0; path = PitchInPracticeUITests.xctest; sourceTree = BUILT_PRODUCTS_DIR; };
/* End PBXFileReference section */

/* Begin PBXFileSystemSynchronizedBuildFileExceptionSet section */
		AFE2A79E2F311D9700C09AAA /* Exceptions for "Repositories " folder in "PitchInPractice" target */ = {
			isa = PBXFileSystemSynchronizedBuildFileExceptionSet;
			membershipExceptions = (
				EventRepository.swift,
				LocalEventRepository.swift,
			);
			target = AFC74C3A2E9A05950068CF75 /* PitchInPractice */;
		};
/* End PBXFileSystemSynchronizedBuildFileExceptionSet section */

/* Begin PBXFileSystemSynchronizedRootGroup section */
		AFC74C3D2E9A05950068CF75 /* PitchInPractice */ = {
			isa = PBXFileSystemSynchronizedRootGroup;
			path = PitchInPractice;
			sourceTree = "<group>";
		};
		AFC74C4B2E9A05970068CF75 /* PitchInPracticeTests */ = {
			isa = PBXFileSystemSynchronizedRootGroup;
			path = PitchInPracticeTests;
			sourceTree = "<group>";
		};
		AFC74C552E9A05970068CF75 /* PitchInPracticeUITests */ = {
			isa = PBXFileSystemSynchronizedRootGroup;
			path = PitchInPracticeUITests;
			sourceTree = "<group>";
		};
		AFE2A79A2F311D7200C09AAA /* Repositories  */ = {
			isa = PBXFileSystemSynchronizedRootGroup;
			exceptions = (
				AFE2A79E2F311D9700C09AAA /* Exceptions for "Repositories " folder in "PitchInPractice" target */,
			);
			path = "Repositories ";
			sourceTree = "<group>";
		};
/* End PBXFileSystemSynchronizedRootGroup section */

/* Begin PBXFrameworksBuildPhase section */
		AFC74C382E9A05950068CF75 /* Frameworks */ = {
			isa = PBXFrameworksBuildPhase;
			buildActionMask = 2147483647;
			files = (
			);
			runOnlyForDeploymentPostprocessing = 0;
		};
		AFC74C452E9A05970068CF75 /* Frameworks */ = {
			isa = PBXFrameworksBuildPhase;
			buildActionMask = 2147483647;
			files = (
			);
			runOnlyForDeploymentPostprocessing = 0;
		};
		AFC74C4F2E9A05970068CF75 /* Frameworks */ = {
			isa = PBXFrameworksBuildPhase;
			buildActionMask = 2147483647;
			files = (
			);
			runOnlyForDeploymentPostprocessing = 0;
		};
/* End PBXFrameworksBuildPhase section */

/* Begin PBXGroup section */
		AFB7864F2F217EF9002FB432 /* Services */ = {
			isa = PBXGroup;
			children = (
				AFB786502F217F34002FB432 /* PersistenceManager.swift */,
			);
			path = Services;
			sourceTree = "<group>";
		};
		AFC74C322E9A05950068CF75 = {
			isa = PBXGroup;
			children = (
				AFE2A7992F311D5D00C09AAA /* Domain */,
				AFB7864F2F217EF9002FB432 /* Services */,
				AFC74C3D2E9A05950068CF75 /* PitchInPractice */,
				AFC74C4B2E9A05970068CF75 /* PitchInPracticeTests */,
				AFC74C552E9A05970068CF75 /* PitchInPracticeUITests */,
				AFC74C3C2E9A05950068CF75 /* Products */,
			);
			sourceTree = "<group>";
		};
		AFC74C3C2E9A05950068CF75 /* Products */ = {
			isa = PBXGroup;
			children = (
				AFC74C3B2E9A05950068CF75 /* PitchInPractice.app */,
				AFC74C482E9A05970068CF75 /* PitchInPracticeTests.xctest */,
				AFC74C522E9A05970068CF75 /* PitchInPracticeUITests.xctest */,
			);
			name = Products;
			sourceTree = "<group>";
		};
		AFE2A7992F311D5D00C09AAA /* Domain */ = {
			isa = PBXGroup;
			children = (
				AFE2A79A2F311D7200C09AAA /* Repositories  */,
			);
			path = Domain;
			sourceTree = "<group>";
		};
/* End PBXGroup section */

/* Begin PBXNativeTarget section */
		AFC74C3A2E9A05950068CF75 /* PitchInPractice */ = {
			isa = PBXNativeTarget;
			buildConfigurationList = AFC74C5C2E9A05970068CF75 /* Build configuration list for PBXNativeTarget "PitchInPractice" */;
			buildPhases = (
				AFC74C372E9A05950068CF75 /* Sources */,
				AFC74C382E9A05950068CF75 /* Frameworks */,
				AFC74C392E9A05950068CF75 /* Resources */,
			);
			buildRules = (
			);
			dependencies = (
			);
			fileSystemSynchronizedGroups = (
				AFC74C3D2E9A05950068CF75 /* PitchInPractice */,
			);
			name = PitchInPractice;
			packageProductDependencies = (
			);
			productName = PitchInPractice;
			productReference = AFC74C3B2E9A05950068CF75 /* PitchInPractice.app */;
			productType = "com.apple.product-type.application";
		};
		AFC74C472E9A05970068CF75 /* PitchInPracticeTests */ = {
			isa = PBXNativeTarget;
			buildConfigurationList = AFC74C5F2E9A05970068CF75 /* Build configuration list for PBXNativeTarget "PitchInPracticeTests" */;
			buildPhases = (
				AFC74C442E9A05970068CF75 /* Sources */,
				AFC74C452E9A05970068CF75 /* Frameworks */,
				AFC74C462E9A05970068CF75 /* Resources */,
			);
			buildRules = (
			);
			dependencies = (
				AFC74C4A2E9A05970068CF75 /* PBXTargetDependency */,
			);
			fileSystemSynchronizedGroups = (
				AFC74C4B2E9A05970068CF75 /* PitchInPracticeTests */,
			);
			name = PitchInPracticeTests;
			packageProductDependencies = (
			);
			productName = PitchInPracticeTests;
			productReference = AFC74C482E9A05970068CF75 /* PitchInPracticeTests.xctest */;
			productType = "com.apple.product-type.bundle.unit-test";
		};
		AFC74C512E9A05970068CF75 /* PitchInPracticeUITests */ = {
			isa = PBXNativeTarget;
			buildConfigurationList = AFC74C622E9A05970068CF75 /* Build configuration list for PBXNativeTarget "PitchInPracticeUITests" */;
			buildPhases = (
				AFC74C4E2E9A05970068CF75 /* Sources */,
				AFC74C4F2E9A05970068CF75 /* Frameworks */,
				AFC74C502E9A05970068CF75 /* Resources */,
			);
			buildRules = (
			);
			dependencies = (
				AFC74C542E9A05970068CF75 /* PBXTargetDependency */,
			);
			fileSystemSynchronizedGroups = (
				AFC74C552E9A05970068CF75 /* PitchInPracticeUITests */,
			);
			name = PitchInPracticeUITests;
			packageProductDependencies = (
			);
			productName = PitchInPracticeUITests;
			productReference = AFC74C522E9A05970068CF75 /* PitchInPracticeUITests.xctest */;
			productType = "com.apple.product-type.bundle.ui-testing";
		};
/* End PBXNativeTarget section */

/* Begin PBXProject section */
		AFC74C332E9A05950068CF75 /* Project object */ = {
			isa = PBXProject;
			attributes = {
				BuildIndependentTargetsInParallel = 1;
				LastSwiftUpdateCheck = 2600;
				LastUpgradeCheck = 2600;
				TargetAttributes = {
					AFC74C3A2E9A05950068CF75 = {
						CreatedOnToolsVersion = 26.0.1;
					};
					AFC74C472E9A05970068CF75 = {
						CreatedOnToolsVersion = 26.0.1;
						TestTargetID = AFC74C3A2E9A05950068CF75;
					};
					AFC74C512E9A05970068CF75 = {
						CreatedOnToolsVersion = 26.0.1;
						TestTargetID = AFC74C3A2E9A05950068CF75;
					};
				};
			};
			buildConfigurationList = AFC74C362E9A05950068CF75 /* Build configuration list for PBXProject "PitchInPractice" */;
			developmentRegion = en;
			hasScannedForEncodings = 0;
			knownRegions = (
				en,
				Base,
			);
			mainGroup = AFC74C322E9A05950068CF75;
			minimizedProjectReferenceProxies = 1;
			preferredProjectObjectVersion = 77;
			productRefGroup = AFC74C3C2E9A05950068CF75 /* Products */;
			projectDirPath = "";
			projectRoot = "";
			targets = (
				AFC74C3A2E9A05950068CF75 /* PitchInPractice */,
				AFC74C472E9A05970068CF75 /* PitchInPracticeTests */,
				AFC74C512E9A05970068CF75 /* PitchInPracticeUITests */,
			);
		};
/* End PBXProject section */

/* Begin PBXResourcesBuildPhase section */
		AFC74C392E9A05950068CF75 /* Resources */ = {
			isa = PBXResourcesBuildPhase;
			buildActionMask = 2147483647;
			files = (
			);
			runOnlyForDeploymentPostprocessing = 0;
		};
		AFC74C462E9A05970068CF75 /* Resources */ = {
			isa = PBXResourcesBuildPhase;
			buildActionMask = 2147483647;
			files = (
			);
			runOnlyForDeploymentPostprocessing = 0;
		};
		AFC74C502E9A05970068CF75 /* Resources */ = {
			isa = PBXResourcesBuildPhase;
			buildActionMask = 2147483647;
			files = (
			);
			runOnlyForDeploymentPostprocessing = 0;
		};
/* End PBXResourcesBuildPhase section */

/* Begin PBXSourcesBuildPhase section */
		AFC74C372E9A05950068CF75 /* Sources */ = {
			isa = PBXSourcesBuildPhase;
			buildActionMask = 2147483647;
			files = (
				AFB786512F217F34002FB432 /* PersistenceManager.swift in Sources */,
			);
			runOnlyForDeploymentPostprocessing = 0;
		};
		AFC74C442E9A05970068CF75 /* Sources */ = {
			isa = PBXSourcesBuildPhase;
			buildActionMask = 2147483647;
			files = (
			);
			runOnlyForDeploymentPostprocessing = 0;
		};
		AFC74C4E2E9A05970068CF75 /* Sources */ = {
			isa = PBXSourcesBuildPhase;
			buildActionMask = 2147483647;
			files = (
			);
			runOnlyForDeploymentPostprocessing = 0;
		};
/* End PBXSourcesBuildPhase section */

/* Begin PBXTargetDependency section */
		AFC74C4A2E9A05970068CF75 /* PBXTargetDependency */ = {
			isa = PBXTargetDependency;
			target = AFC74C3A2E9A05950068CF75 /* PitchInPractice */;
			targetProxy = AFC74C492E9A05970068CF75 /* PBXContainerItemProxy */;
		};
		AFC74C542E9A05970068CF75 /* PBXTargetDependency */ = {
			isa = PBXTargetDependency;
			target = AFC74C3A2E9A05950068CF75 /* PitchInPractice */;
			targetProxy = AFC74C532E9A05970068CF75 /* PBXContainerItemProxy */;
		};
/* End PBXTargetDependency section */

/* Begin XCBuildConfiguration section */
		AFC74C5A2E9A05970068CF75 /* Debug */ = {
			isa = XCBuildConfiguration;
			buildSettings = {
				ALWAYS_SEARCH_USER_PATHS = NO;
				ASSETCATALOG_COMPILER_GENERATE_SWIFT_ASSET_SYMBOL_EXTENSIONS = YES;
				CLANG_ANALYZER_NONNULL = YES;
				CLANG_ANALYZER_NUMBER_OBJECT_CONVERSION = YES_AGGRESSIVE;
				CLANG_CXX_LANGUAGE_STANDARD = "gnu++20";
				CLANG_ENABLE_MODULES = YES;
				CLANG_ENABLE_OBJC_ARC = YES;
				CLANG_ENABLE_OBJC_WEAK = YES;
				CLANG_WARN_BLOCK_CAPTURE_AUTORELEASING = YES;
				CLANG_WARN_BOOL_CONVERSION = YES;
				CLANG_WARN_COMMA = YES;
				CLANG_WARN_CONSTANT_CONVERSION = YES;
				CLANG_WARN_DEPRECATED_OBJC_IMPLEMENTATIONS = YES;
				CLANG_WARN_DIRECT_OBJC_ISA_USAGE = YES_ERROR;
				CLANG_WARN_DOCUMENTATION_COMMENTS = YES;
				CLANG_WARN_EMPTY_BODY = YES;
				CLANG_WARN_ENUM_CONVERSION = YES;
				CLANG_WARN_INFINITE_RECURSION = YES;
				CLANG_WARN_INT_CONVERSION = YES;
				CLANG_WARN_NON_LITERAL_NULL_CONVERSION = YES;
				CLANG_WARN_OBJC_IMPLICIT_RETAIN_SELF = YES;
				CLANG_WARN_OBJC_LITERAL_CONVERSION = YES;
				CLANG_WARN_OBJC_ROOT_CLASS = YES_ERROR;
				CLANG_WARN_QUOTED_INCLUDE_IN_FRAMEWORK_HEADER = YES;
				CLANG_WARN_RANGE_LOOP_ANALYSIS = YES;
				CLANG_WARN_STRICT_PROTOTYPES = YES;
				CLANG_WARN_SUSPICIOUS_MOVE = YES;
				CLANG_WARN_UNGUARDED_AVAILABILITY = YES_AGGRESSIVE;
				CLANG_WARN_UNREACHABLE_CODE = YES;
				CLANG_WARN__DUPLICATE_METHOD_MATCH = YES;
				COPY_PHASE_STRIP = NO;
				DEBUG_INFORMATION_FORMAT = dwarf;
				DEVELOPMENT_TEAM = 2UYY48S9AB;
				ENABLE_STRICT_OBJC_MSGSEND = YES;
				ENABLE_TESTABILITY = YES;
				ENABLE_USER_SCRIPT_SANDBOXING = YES;
				GCC_C_LANGUAGE_STANDARD = gnu17;
				GCC_DYNAMIC_NO_PIC = NO;
				GCC_NO_COMMON_BLOCKS = YES;
				GCC_OPTIMIZATION_LEVEL = 0;
				GCC_PREPROCESSOR_DEFINITIONS = (
					"DEBUG=1",
					"$(inherited)",
				);
				GCC_WARN_64_TO_32_BIT_CONVERSION = YES;
				GCC_WARN_ABOUT_RETURN_TYPE = YES_ERROR;
				GCC_WARN_UNDECLARED_SELECTOR = YES;
				GCC_WARN_UNINITIALIZED_AUTOS = YES_AGGRESSIVE;
				GCC_WARN_UNUSED_FUNCTION = YES;
				GCC_WARN_UNUSED_VARIABLE = YES;
				IPHONEOS_DEPLOYMENT_TARGET = 26.0;
				LOCALIZATION_PREFERS_STRING_CATALOGS = YES;
				MTL_ENABLE_DEBUG_INFO = INCLUDE_SOURCE;
				MTL_FAST_MATH = YES;
				ONLY_ACTIVE_ARCH = YES;
				SDKROOT = iphoneos;
				SWIFT_ACTIVE_COMPILATION_CONDITIONS = "DEBUG $(inherited)";
				SWIFT_OPTIMIZATION_LEVEL = "-Onone";
			};
			name = Debug;
		};
		AFC74C5B2E9A05970068CF75 /* Release */ = {
			isa = XCBuildConfiguration;
			buildSettings = {
				ALWAYS_SEARCH_USER_PATHS = NO;
				ASSETCATALOG_COMPILER_GENERATE_SWIFT_ASSET_SYMBOL_EXTENSIONS = YES;
				CLANG_ANALYZER_NONNULL = YES;
				CLANG_ANALYZER_NUMBER_OBJECT_CONVERSION = YES_AGGRESSIVE;
				CLANG_CXX_LANGUAGE_STANDARD = "gnu++20";
				CLANG_ENABLE_MODULES = YES;
				CLANG_ENABLE_OBJC_ARC = YES;
				CLANG_ENABLE_OBJC_WEAK = YES;
				CLANG_WARN_BLOCK_CAPTURE_AUTORELEASING = YES;
				CLANG_WARN_BOOL_CONVERSION = YES;
				CLANG_WARN_COMMA = YES;
				CLANG_WARN_CONSTANT_CONVERSION = YES;
				CLANG_WARN_DEPRECATED_OBJC_IMPLEMENTATIONS = YES;
				CLANG_WARN_DIRECT_OBJC_ISA_USAGE = YES_ERROR;
				CLANG_WARN_DOCUMENTATION_COMMENTS = YES;
				CLANG_WARN_EMPTY_BODY = YES;
				CLANG_WARN_ENUM_CONVERSION = YES;
				CLANG_WARN_INFINITE_RECURSION = YES;
				CLANG_WARN_INT_CONVERSION = YES;
				CLANG_WARN_NON_LITERAL_NULL_CONVERSION = YES;
				CLANG_WARN_OBJC_IMPLICIT_RETAIN_SELF = YES;
				CLANG_WARN_OBJC_LITERAL_CONVERSION = YES;
				CLANG_WARN_OBJC_ROOT_CLASS = YES_ERROR;
				CLANG_WARN_QUOTED_INCLUDE_IN_FRAMEWORK_HEADER = YES;
				CLANG_WARN_RANGE_LOOP_ANALYSIS = YES;
				CLANG_WARN_STRICT_PROTOTYPES = YES;
				CLANG_WARN_SUSPICIOUS_MOVE = YES;
				CLANG_WARN_UNGUARDED_AVAILABILITY = YES_AGGRESSIVE;
				CLANG_WARN_UNREACHABLE_CODE = YES;
				CLANG_WARN__DUPLICATE_METHOD_MATCH = YES;
				COPY_PHASE_STRIP = NO;
				DEBUG_INFORMATION_FORMAT = "dwarf-with-dsym";
				DEVELOPMENT_TEAM = 2UYY48S9AB;
				ENABLE_NS_ASSERTIONS = NO;
				ENABLE_STRICT_OBJC_MSGSEND = YES;
				ENABLE_USER_SCRIPT_SANDBOXING = YES;
				GCC_C_LANGUAGE_STANDARD = gnu17;
				GCC_NO_COMMON_BLOCKS = YES;
				GCC_WARN_64_TO_32_BIT_CONVERSION = YES;
				GCC_WARN_ABOUT_RETURN_TYPE = YES_ERROR;
				GCC_WARN_UNDECLARED_SELECTOR = YES;
				GCC_WARN_UNINITIALIZED_AUTOS = YES_AGGRESSIVE;
				GCC_WARN_UNUSED_FUNCTION = YES;
				GCC_WARN_UNUSED_VARIABLE = YES;
				IPHONEOS_DEPLOYMENT_TARGET = 26.0;
				LOCALIZATION_PREFERS_STRING_CATALOGS = YES;
				MTL_ENABLE_DEBUG_INFO = NO;
				MTL_FAST_MATH = YES;
				SDKROOT = iphoneos;
				SWIFT_COMPILATION_MODE = wholemodule;
				VALIDATE_PRODUCT = YES;
			};
			name = Release;
		};
		AFC74C5D2E9A05970068CF75 /* Debug */ = {
			isa = XCBuildConfiguration;
			buildSettings = {
				ASSETCATALOG_COMPILER_APPICON_NAME = AppIcon;
				ASSETCATALOG_COMPILER_GLOBAL_ACCENT_COLOR_NAME = AccentColor;
				CODE_SIGN_STYLE = Automatic;
				CURRENT_PROJECT_VERSION = 1;
				DEVELOPMENT_TEAM = 2UYY48S9AB;
				ENABLE_PREVIEWS = YES;
				GENERATE_INFOPLIST_FILE = YES;
				INFOPLIST_KEY_UIApplicationSceneManifest_Generation = YES;
				INFOPLIST_KEY_UIApplicationSupportsIndirectInputEvents = YES;
				INFOPLIST_KEY_UILaunchScreen_Generation = YES;
				INFOPLIST_KEY_UISupportedInterfaceOrientations_iPad = "UIInterfaceOrientationPortrait UIInterfaceOrientationPortraitUpsideDown UIInterfaceOrientationLandscapeLeft UIInterfaceOrientationLandscapeRight";
				INFOPLIST_KEY_UISupportedInterfaceOrientations_iPhone = "UIInterfaceOrientationPortrait UIInterfaceOrientationLandscapeLeft UIInterfaceOrientationLandscapeRight";
				LD_RUNPATH_SEARCH_PATHS = (
					"$(inherited)",
					"@executable_path/Frameworks",
				);
				MARKETING_VERSION = 1.0;
				PRODUCT_BUNDLE_IDENTIFIER = com.sapiosandy.PitchInPractice;
				PRODUCT_NAME = "$(TARGET_NAME)";
				STRING_CATALOG_GENERATE_SYMBOLS = YES;
				SWIFT_APPROACHABLE_CONCURRENCY = YES;
				SWIFT_DEFAULT_ACTOR_ISOLATION = MainActor;
				SWIFT_EMIT_LOC_STRINGS = YES;
				SWIFT_UPCOMING_FEATURE_MEMBER_IMPORT_VISIBILITY = YES;
				SWIFT_VERSION = 5.0;
				TARGETED_DEVICE_FAMILY = "1,2";
			};
			name = Debug;
		};
		AFC74C5E2E9A05970068CF75 /* Release */ = {
			isa = XCBuildConfiguration;
			buildSettings = {
				ASSETCATALOG_COMPILER_APPICON_NAME = AppIcon;
				ASSETCATALOG_COMPILER_GLOBAL_ACCENT_COLOR_NAME = AccentColor;
				CODE_SIGN_STYLE = Automatic;
				CURRENT_PROJECT_VERSION = 1;
				DEVELOPMENT_TEAM = 2UYY48S9AB;
				ENABLE_PREVIEWS = YES;
				GENERATE_INFOPLIST_FILE = YES;
				INFOPLIST_KEY_UIApplicationSceneManifest_Generation = YES;
				INFOPLIST_KEY_UIApplicationSupportsIndirectInputEvents = YES;
				INFOPLIST_KEY_UILaunchScreen_Generation = YES;
				INFOPLIST_KEY_UISupportedInterfaceOrientations_iPad = "UIInterfaceOrientationPortrait UIInterfaceOrientationPortraitUpsideDown UIInterfaceOrientationLandscapeLeft UIInterfaceOrientationLandscapeRight";
				INFOPLIST_KEY_UISupportedInterfaceOrientations_iPhone = "UIInterfaceOrientationPortrait UIInterfaceOrientationLandscapeLeft UIInterfaceOrientationLandscapeRight";
				LD_RUNPATH_SEARCH_PATHS = (
					"$(inherited)",
					"@executable_path/Frameworks",
				);
				MARKETING_VERSION = 1.0;
				PRODUCT_BUNDLE_IDENTIFIER = com.sapiosandy.PitchInPractice;
				PRODUCT_NAME = "$(TARGET_NAME)";
				STRING_CATALOG_GENERATE_SYMBOLS = YES;
				SWIFT_APPROACHABLE_CONCURRENCY = YES;
				SWIFT_DEFAULT_ACTOR_ISOLATION = MainActor;
				SWIFT_EMIT_LOC_STRINGS = YES;
				SWIFT_UPCOMING_FEATURE_MEMBER_IMPORT_VISIBILITY = YES;
				SWIFT_VERSION = 5.0;
				TARGETED_DEVICE_FAMILY = "1,2";
			};
			name = Release;
		};
		AFC74C602E9A05970068CF75 /* Debug */ = {
			isa = XCBuildConfiguration;
			buildSettings = {
				BUNDLE_LOADER = "$(TEST_HOST)";
				CODE_SIGN_STYLE = Automatic;
				CURRENT_PROJECT_VERSION = 1;
				DEVELOPMENT_TEAM = 2UYY48S9AB;
				GENERATE_INFOPLIST_FILE = YES;
				IPHONEOS_DEPLOYMENT_TARGET = 26.0;
				MARKETING_VERSION = 1.0;
				PRODUCT_BUNDLE_IDENTIFIER = com.sapiosandy.PitchInPracticeTests;
				PRODUCT_NAME = "$(TARGET_NAME)";
				STRING_CATALOG_GENERATE_SYMBOLS = NO;
				SWIFT_APPROACHABLE_CONCURRENCY = YES;
				SWIFT_EMIT_LOC_STRINGS = NO;
				SWIFT_UPCOMING_FEATURE_MEMBER_IMPORT_VISIBILITY = YES;
				SWIFT_VERSION = 5.0;
				TARGETED_DEVICE_FAMILY = "1,2";
				TEST_HOST = "$(BUILT_PRODUCTS_DIR)/PitchInPractice.app/$(BUNDLE_EXECUTABLE_FOLDER_PATH)/PitchInPractice";
			};
			name = Debug;
		};
		AFC74C612E9A05970068CF75 /* Release */ = {
			isa = XCBuildConfiguration;
			buildSettings = {
				BUNDLE_LOADER = "$(TEST_HOST)";
				CODE_SIGN_STYLE = Automatic;
				CURRENT_PROJECT_VERSION = 1;
				DEVELOPMENT_TEAM = 2UYY48S9AB;
				GENERATE_INFOPLIST_FILE = YES;
				IPHONEOS_DEPLOYMENT_TARGET = 26.0;
				MARKETING_VERSION = 1.0;
				PRODUCT_BUNDLE_IDENTIFIER = com.sapiosandy.PitchInPracticeTests;
				PRODUCT_NAME = "$(TARGET_NAME)";
				STRING_CATALOG_GENERATE_SYMBOLS = NO;
				SWIFT_APPROACHABLE_CONCURRENCY = YES;
				SWIFT_EMIT_LOC_STRINGS = NO;
				SWIFT_UPCOMING_FEATURE_MEMBER_IMPORT_VISIBILITY = YES;
				SWIFT_VERSION = 5.0;
				TARGETED_DEVICE_FAMILY = "1,2";
				TEST_HOST = "$(BUILT_PRODUCTS_DIR)/PitchInPractice.app/$(BUNDLE_EXECUTABLE_FOLDER_PATH)/PitchInPractice";
			};
			name = Release;
		};
		AFC74C632E9A05970068CF75 /* Debug */ = {
			isa = XCBuildConfiguration;
			buildSettings = {
				CODE_SIGN_STYLE = Automatic;
				CURRENT_PROJECT_VERSION = 1;
				DEVELOPMENT_TEAM = 2UYY48S9AB;
				GENERATE_INFOPLIST_FILE = YES;
				MARKETING_VERSION = 1.0;
				PRODUCT_BUNDLE_IDENTIFIER = com.sapiosandy.PitchInPracticeUITests;
				PRODUCT_NAME = "$(TARGET_NAME)";
				STRING_CATALOG_GENERATE_SYMBOLS = NO;
				SWIFT_APPROACHABLE_CONCURRENCY = YES;
				SWIFT_EMIT_LOC_STRINGS = NO;
				SWIFT_UPCOMING_FEATURE_MEMBER_IMPORT_VISIBILITY = YES;
				SWIFT_VERSION = 5.0;
				TARGETED_DEVICE_FAMILY = "1,2";
				TEST_TARGET_NAME = PitchInPractice;
			};
			name = Debug;
		};
		AFC74C642E9A05970068CF75 /* Release */ = {
			isa = XCBuildConfiguration;
			buildSettings = {
				CODE_SIGN_STYLE = Automatic;
				CURRENT_PROJECT_VERSION = 1;
				DEVELOPMENT_TEAM = 2UYY48S9AB;
				GENERATE_INFOPLIST_FILE = YES;
				MARKETING_VERSION = 1.0;
				PRODUCT_BUNDLE_IDENTIFIER = com.sapiosandy.PitchInPracticeUITests;
				PRODUCT_NAME = "$(TARGET_NAME)";
				STRING_CATALOG_GENERATE_SYMBOLS = NO;
				SWIFT_APPROACHABLE_CONCURRENCY = YES;
				SWIFT_EMIT_LOC_STRINGS = NO;
				SWIFT_UPCOMING_FEATURE_MEMBER_IMPORT_VISIBILITY = YES;
				SWIFT_VERSION = 5.0;
				TARGETED_DEVICE_FAMILY = "1,2";
				TEST_TARGET_NAME = PitchInPractice;
			};
			name = Release;
		};
/* End XCBuildConfiguration section */

/* Begin XCConfigurationList section */
		AFC74C362E9A05950068CF75 /* Build configuration list for PBXProject "PitchInPractice" */ = {
			isa = XCConfigurationList;
			buildConfigurations = (
				AFC74C5A2E9A05970068CF75 /* Debug */,
				AFC74C5B2E9A05970068CF75 /* Release */,
			);
			defaultConfigurationIsVisible = 0;
			defaultConfigurationName = Release;
		};
		AFC74C5C2E9A05970068CF75 /* Build configuration list for PBXNativeTarget "PitchInPractice" */ = {
			isa = XCConfigurationList;
			buildConfigurations = (
				AFC74C5D2E9A05970068CF75 /* Debug */,
				AFC74C5E2E9A05970068CF75 /* Release */,
			);
			defaultConfigurationIsVisible = 0;
			defaultConfigurationName = Release;
		};
		AFC74C5F2E9A05970068CF75 /* Build configuration list for PBXNativeTarget "PitchInPracticeTests" */ = {
			isa = XCConfigurationList;
			buildConfigurations = (
				AFC74C602E9A05970068CF75 /* Debug */,
				AFC74C612E9A05970068CF75 /* Release */,
			);
			defaultConfigurationIsVisible = 0;
			defaultConfigurationName = Release;
		};
		AFC74C622E9A05970068CF75 /* Build configuration list for PBXNativeTarget "PitchInPracticeUITests" */ = {
			isa = XCConfigurationList;
			buildConfigurations = (
				AFC74C632E9A05970068CF75 /* Debug */,
				AFC74C642E9A05970068CF75 /* Release */,
			);
			defaultConfigurationIsVisible = 0;
			defaultConfigurationName = Release;
		};
/* End XCConfigurationList section */
	};
	rootObject = AFC74C332E9A05950068CF75 /* Project object */;
}
